
Microsoft Visual Studio Solution File, Format Version 12.00
# Visual Studio Version 16
VisualStudioVersion = 16.0.31729.503
MinimumVisualStudioVersion = 10.0.40219.1
Project("{FAE04EC0-301F-11D3-BF4B-00C04F79EFBC}") = "YoutubeProAddin", "YoutubeProAddin\YoutubeProAddin.csproj", "{4F54709E-8E19-4BB1-A481-BA5F32479827}"
EndProject
Global
	GlobalSection(SolutionConfigurationPlatforms) = preSolution
		Debug|x64 = Debug|x64
		Release|x64 = Release|x64
	EndGlobalSection
	GlobalSection(ProjectConfigurationPlatforms) = postSolution
		{4F54709E-8E19-4BB1-A481-BA5F32479827}.Debug|x64.ActiveCfg = Debug|x64
		{4F54709E-8E19-4BB1-A481-BA5F32479827}.Debug|x64.Build.0 = Debug|x64
		{4F54709E-8E19-4BB1-A481-BA5F32479827}.Release|x64.ActiveCfg = Release|x64
		{4F54709E-8E19-4BB1-A481-BA5F32479827}.Release|x64.Build.0 = Release|x64
	EndGlobalSection
	GlobalSection(SolutionProperties) = preSolution
		HideSolutionNode = FALSE
	EndGlobalSection
	GlobalSection(ExtensibilityGlobals) = postSolution
		SolutionGuid = {8EFE1C09-A87B-438F-88DE-24EBE055266C}
	EndGlobalSection
EndGlobal
